
Microsoft Visual Studio Solution File, Format Version 12.00
# Visual Studio Version 17
VisualStudioVersion = 17.4.33122.133
MinimumVisualStudioVersion = 10.0.40219.1
Project("{9A19103F-16F7-4668-BE54-9A1E7A4F7556}") = "oaip12", "oaip12.csproj", "{4D3B2031-7D06-4122-B601-3459D727DEF8}"
EndProject
Global
	GlobalSection(SolutionConfigurationPlatforms) = preSolution
		Debug|Any CPU = Debug|Any CPU
		Release|Any CPU = Release|Any CPU
	EndGlobalSection
	GlobalSection(ProjectConfigurationPlatforms) = postSolution
		{4D3B2031-7D06-4122-B601-3459D727DEF8}.Debug|Any CPU.ActiveCfg = Debug|Any CPU
		{4D3B2031-7D06-4122-B601-3459D727DEF8}.Debug|Any CPU.Build.0 = Debug|Any CPU
		{4D3B2031-7D06-4122-B601-3459D727DEF8}.Release|Any CPU.ActiveCfg = Release|Any CPU
		{4D3B2031-7D06-4122-B601-3459D727DEF8}.Release|Any CPU.Build.0 = Release|Any CPU
	EndGlobalSection
	GlobalSection(SolutionProperties) = preSolution
		HideSolutionNode = FALSE
	EndGlobalSection
	GlobalSection(ExtensibilityGlobals) = postSolution
		SolutionGuid = {1A8332EA-C5E7-4CBB-8094-A7B3B4519BB8}
	EndGlobalSection
EndGlobal
